// !$*UTF8*$!
{
	archiveVersion = 1;
	classes = {
	};
	objectVersion = 45;
	objects = {

/* Begin PBXBuildFile section */
		142C54DF122CBECD001BED3A /* AsyncSocket.m in Sources */ = {isa = PBXBuildFile; fileRef = 142C54DE122CBECD001BED3A /* AsyncSocket.m */; };
		142C54E9122CBF05001BED3A /* CFNetwork.framework in Frameworks */ = {isa = PBXBuildFile; fileRef = 142C54E8122CBF05001BED3A /* CFNetwork.framework */; };
		14A8254F122F75610045F517 /* NSData+Base64.m in Sources */ = {isa = PBXBuildFile; fileRef = 14A8254E122F75610045F517 /* NSData+Base64.m */; };
		14AF667C121A5C3100AFA079 /* PandoraStatus.m in Sources */ = {isa = PBXBuildFile; fileRef = 14AF667B121A5C3100AFA079 /* PandoraStatus.m */; };
		14AF66B5121A5FEC00AFA079 /* NSObject+SBJSON.m in Sources */ = {isa = PBXBuildFile; fileRef = 14AF66AC121A5FEC00AFA079 /* NSObject+SBJSON.m */; };
		14AF66B6121A5FEC00AFA079 /* NSString+SBJSON.m in Sources */ = {isa = PBXBuildFile; fileRef = 14AF66AE121A5FEC00AFA079 /* NSString+SBJSON.m */; };
		14AF66B7121A5FEC00AFA079 /* SBJsonBase.m in Sources */ = {isa = PBXBuildFile; fileRef = 14AF66B0121A5FEC00AFA079 /* SBJsonBase.m */; };
		14AF66B8121A5FEC00AFA079 /* SBJsonParser.m in Sources */ = {isa = PBXBuildFile; fileRef = 14AF66B2121A5FEC00AFA079 /* SBJsonParser.m */; };
		14AF66B9121A5FEC00AFA079 /* SBJsonWriter.m in Sources */ = {isa = PBXBuildFile; fileRef = 14AF66B4121A5FEC00AFA079 /* SBJsonWriter.m */; };
		14AF66BC121A61E100AFA079 /* PBClientManager.m in Sources */ = {isa = PBXBuildFile; fileRef = 14AF66BB121A61E100AFA079 /* PBClientManager.m */; };
		14E1D39A121C5A3F00272508 /* BonjourBrowserViewController.m in Sources */ = {isa = PBXBuildFile; fileRef = 14E1D399121C5A3F00272508 /* BonjourBrowserViewController.m */; };
		14E1D686121CF44900272508 /* Pause-Decoded.png in Resources */ = {isa = PBXBuildFile; fileRef = 14E1D679121CF44900272508 /* Pause-Decoded.png */; };
		14E1D687121CF44900272508 /* Pause@2x-Decoded.png in Resources */ = {isa = PBXBuildFile; fileRef = 14E1D67A121CF44900272508 /* Pause@2x-Decoded.png */; };
		14E1D688121CF44900272508 /* Play-Decoded.png in Resources */ = {isa = PBXBuildFile; fileRef = 14E1D67B121CF44900272508 /* Play-Decoded.png */; };
		14E1D689121CF44900272508 /* Play@2x-Decoded.png in Resources */ = {isa = PBXBuildFile; fileRef = 14E1D67C121CF44900272508 /* Play@2x-Decoded.png */; };
		14E1D68A121CF44900272508 /* Skip-Decoded.png in Resources */ = {isa = PBXBuildFile; fileRef = 14E1D67D121CF44900272508 /* Skip-Decoded.png */; };
		14E1D68B121CF44900272508 /* Skip@2x-Decoded.png in Resources */ = {isa = PBXBuildFile; fileRef = 14E1D67E121CF44900272508 /* Skip@2x-Decoded.png */; };
		14E1D68C121CF44900272508 /* ThumbDown-Decoded.png in Resources */ = {isa = PBXBuildFile; fileRef = 14E1D67F121CF44900272508 /* ThumbDown-Decoded.png */; };
		14E1D68D121CF44900272508 /* ThumbDown@2x-Decoded.png in Resources */ = {isa = PBXBuildFile; fileRef = 14E1D680121CF44900272508 /* ThumbDown@2x-Decoded.png */; };
		14E1D68E121CF44900272508 /* ThumbUp-Decoded.png in Resources */ = {isa = PBXBuildFile; fileRef = 14E1D681121CF44900272508 /* ThumbUp-Decoded.png */; };
		14E1D68F121CF44900272508 /* ThumbUp@2x-Decoded.png in Resources */ = {isa = PBXBuildFile; fileRef = 14E1D682121CF44900272508 /* ThumbUp@2x-Decoded.png */; };
		14E1D6C4121CF9CC00272508 /* icon-72x72.png in Resources */ = {isa = PBXBuildFile; fileRef = 14E1D6C1121CF9CC00272508 /* icon-72x72.png */; };
		14E1D6C5121CF9CC00272508 /* icon-114x114.png in Resources */ = {isa = PBXBuildFile; fileRef = 14E1D6C2121CF9CC00272508 /* icon-114x114.png */; };
		14E1D6C6121CF9CC00272508 /* icon.png in Resources */ = {isa = PBXBuildFile; fileRef = 14E1D6C3121CF9CC00272508 /* icon.png */; };
		1D3623260D0F684500981E51 /* PBRemoteAppDelegate.m in Sources */ = {isa = PBXBuildFile; fileRef = 1D3623250D0F684500981E51 /* PBRemoteAppDelegate.m */; };
		1D60589B0D05DD56006BFB54 /* main.m in Sources */ = {isa = PBXBuildFile; fileRef = 29B97316FDCFA39411CA2CEA /* main.m */; };
		1D60589F0D05DD5A006BFB54 /* Foundation.framework in Frameworks */ = {isa = PBXBuildFile; fileRef = 1D30AB110D05D00D00671497 /* Foundation.framework */; };
		1DF5F4E00D08C38300B7A737 /* UIKit.framework in Frameworks */ = {isa = PBXBuildFile; fileRef = 1DF5F4DF0D08C38300B7A737 /* UIKit.framework */; };
		288765A50DF7441C002DB57D /* CoreGraphics.framework in Frameworks */ = {isa = PBXBuildFile; fileRef = 288765A40DF7441C002DB57D /* CoreGraphics.framework */; };
		2899E5220DE3E06400AC0155 /* PBRemoteViewController.xib in Resources */ = {isa = PBXBuildFile; fileRef = 2899E5210DE3E06400AC0155 /* PBRemoteViewController.xib */; };
		28AD733F0D9D9553002E5188 /* MainWindow.xib in Resources */ = {isa = PBXBuildFile; fileRef = 28AD733E0D9D9553002E5188 /* MainWindow.xib */; };
		28D7ACF80DDB3853001CB0EB /* PBRemoteViewController.m in Sources */ = {isa = PBXBuildFile; fileRef = 28D7ACF70DDB3853001CB0EB /* PBRemoteViewController.m */; };
/* End PBXBuildFile section */

/* Begin PBXFileReference section */
		142C54DD122CBECD001BED3A /* AsyncSocket.h */ = {isa = PBXFileReference; fileEncoding = 4; lastKnownFileType = sourcecode.c.h; name = AsyncSocket.h; path = ../AsyncSocket/AsyncSocket.h; sourceTree = SOURCE_ROOT; };
		142C54DE122CBECD001BED3A /* AsyncSocket.m */ = {isa = PBXFileReference; fileEncoding = 4; lastKnownFileType = sourcecode.c.objc; name = AsyncSocket.m; path = ../AsyncSocket/AsyncSocket.m; sourceTree = SOURCE_ROOT; };
		142C54E8122CBF05001BED3A /* CFNetwork.framework */ = {isa = PBXFileReference; lastKnownFileType = wrapper.framework; name = CFNetwork.framework; path = System/Library/Frameworks/CFNetwork.framework; sourceTree = SDKROOT; };
		14A8254D122F75610045F517 /* NSData+Base64.h */ = {isa = PBXFileReference; fileEncoding = 4; lastKnownFileType = sourcecode.c.h; name = "NSData+Base64.h"; path = "../Common/NSData+Base64.h"; sourceTree = SOURCE_ROOT; };
		14A8254E122F75610045F517 /* NSData+Base64.m */ = {isa = PBXFileReference; fileEncoding = 4; lastKnownFileType = sourcecode.c.objc; name = "NSData+Base64.m"; path = "../Common/NSData+Base64.m"; sourceTree = SOURCE_ROOT; };
		14AF667A121A5C3100AFA079 /* PandoraStatus.h */ = {isa = PBXFileReference; fileEncoding = 4; lastKnownFileType = sourcecode.c.h; name = PandoraStatus.h; path = ../Common/PandoraStatus.h; sourceTree = SOURCE_ROOT; };
		14AF667B121A5C3100AFA079 /* PandoraStatus.m */ = {isa = PBXFileReference; fileEncoding = 4; lastKnownFileType = sourcecode.c.objc; name = PandoraStatus.m; path = ../Common/PandoraStatus.m; sourceTree = SOURCE_ROOT; };
		14AF66AA121A5FEC00AFA079 /* JSON.h */ = {isa = PBXFileReference; fileEncoding = 4; lastKnownFileType = sourcecode.c.h; path = JSON.h; sourceTree = "<group>"; };
		14AF66AB121A5FEC00AFA079 /* NSObject+SBJSON.h */ = {isa = PBXFileReference; fileEncoding = 4; lastKnownFileType = sourcecode.c.h; path = "NSObject+SBJSON.h"; sourceTree = "<group>"; };
		14AF66AC121A5FEC00AFA079 /* NSObject+SBJSON.m */ = {isa = PBXFileReference; fileEncoding = 4; lastKnownFileType = sourcecode.c.objc; path = "NSObject+SBJSON.m"; sourceTree = "<group>"; };
		14AF66AD121A5FEC00AFA079 /* NSString+SBJSON.h */ = {isa = PBXFileReference; fileEncoding = 4; lastKnownFileType = sourcecode.c.h; path = "NSString+SBJSON.h"; sourceTree = "<group>"; };
		14AF66AE121A5FEC00AFA079 /* NSString+SBJSON.m */ = {isa = PBXFileReference; fileEncoding = 4; lastKnownFileType = sourcecode.c.objc; path = "NSString+SBJSON.m"; sourceTree = "<group>"; };
		14AF66AF121A5FEC00AFA079 /* SBJsonBase.h */ = {isa = PBXFileReference; fileEncoding = 4; lastKnownFileType = sourcecode.c.h; path = SBJsonBase.h; sourceTree = "<group>"; };
		14AF66B0121A5FEC00AFA079 /* SBJsonBase.m */ = {isa = PBXFileReference; fileEncoding = 4; lastKnownFileType = sourcecode.c.objc; path = SBJsonBase.m; sourceTree = "<group>"; };
		14AF66B1121A5FEC00AFA079 /* SBJsonParser.h */ = {isa = PBXFileReference; fileEncoding = 4; lastKnownFileType = sourcecode.c.h; path = SBJsonParser.h; sourceTree = "<group>"; };
		14AF66B2121A5FEC00AFA079 /* SBJsonParser.m */ = {isa = PBXFileReference; fileEncoding = 4; lastKnownFileType = sourcecode.c.objc; path = SBJsonParser.m; sourceTree = "<group>"; };
		14AF66B3121A5FEC00AFA079 /* SBJsonWriter.h */ = {isa = PBXFileReference; fileEncoding = 4; lastKnownFileType = sourcecode.c.h; path = SBJsonWriter.h; sourceTree = "<group>"; };
		14AF66B4121A5FEC00AFA079 /* SBJsonWriter.m */ = {isa = PBXFileReference; fileEncoding = 4; lastKnownFileType = sourcecode.c.objc; path = SBJsonWriter.m; sourceTree = "<group>"; };
		14AF66BA121A61E100AFA079 /* PBClientManager.h */ = {isa = PBXFileReference; fileEncoding = 4; lastKnownFileType = sourcecode.c.h; path = PBClientManager.h; sourceTree = "<group>"; };
		14AF66BB121A61E100AFA079 /* PBClientManager.m */ = {isa = PBXFileReference; fileEncoding = 4; lastKnownFileType = sourcecode.c.objc; path = PBClientManager.m; sourceTree = "<group>"; };
		14E1D23A121BA03B00272508 /* Constants.h */ = {isa = PBXFileReference; fileEncoding = 4; lastKnownFileType = sourcecode.c.h; name = Constants.h; path = ../Common/Constants.h; sourceTree = SOURCE_ROOT; };
		14E1D398121C5A3F00272508 /* BonjourBrowserViewController.h */ = {isa = PBXFileReference; fileEncoding = 4; lastKnownFileType = sourcecode.c.h; path = BonjourBrowserViewController.h; sourceTree = "<group>"; };
		14E1D399121C5A3F00272508 /* BonjourBrowserViewController.m */ = {isa = PBXFileReference; fileEncoding = 4; lastKnownFileType = sourcecode.c.objc; path = BonjourBrowserViewController.m; sourceTree = "<group>"; };
		14E1D679121CF44900272508 /* Pause-Decoded.png */ = {isa = PBXFileReference; lastKnownFileType = image.png; name = "Pause-Decoded.png"; path = "Images/Pause-Decoded.png"; sourceTree = "<group>"; };
		14E1D67A121CF44900272508 /* Pause@2x-Decoded.png */ = {isa = PBXFileReference; lastKnownFileType = image.png; name = "Pause@2x-Decoded.png"; path = "Images/Pause@2x-Decoded.png"; sourceTree = "<group>"; };
		14E1D67B121CF44900272508 /* Play-Decoded.png */ = {isa = PBXFileReference; lastKnownFileType = image.png; name = "Play-Decoded.png"; path = "Images/Play-Decoded.png"; sourceTree = "<group>"; };
		14E1D67C121CF44900272508 /* Play@2x-Decoded.png */ = {isa = PBXFileReference; lastKnownFileType = image.png; name = "Play@2x-Decoded.png"; path = "Images/Play@2x-Decoded.png"; sourceTree = "<group>"; };
		14E1D67D121CF44900272508 /* Skip-Decoded.png */ = {isa = PBXFileReference; lastKnownFileType = image.png; name = "Skip-Decoded.png"; path = "Images/Skip-Decoded.png"; sourceTree = "<group>"; };
		14E1D67E121CF44900272508 /* Skip@2x-Decoded.png */ = {isa = PBXFileReference; lastKnownFileType = image.png; name = "Skip@2x-Decoded.png"; path = "Images/Skip@2x-Decoded.png"; sourceTree = "<group>"; };
		14E1D67F121CF44900272508 /* ThumbDown-Decoded.png */ = {isa = PBXFileReference; lastKnownFileType = image.png; name = "ThumbDown-Decoded.png"; path = "Images/ThumbDown-Decoded.png"; sourceTree = "<group>"; };
		14E1D680121CF44900272508 /* ThumbDown@2x-Decoded.png */ = {isa = PBXFileReference; lastKnownFileType = image.png; name = "ThumbDown@2x-Decoded.png"; path = "Images/ThumbDown@2x-Decoded.png"; sourceTree = "<group>"; };
		14E1D681121CF44900272508 /* ThumbUp-Decoded.png */ = {isa = PBXFileReference; lastKnownFileType = image.png; name = "ThumbUp-Decoded.png"; path = "Images/ThumbUp-Decoded.png"; sourceTree = "<group>"; };
		14E1D682121CF44900272508 /* ThumbUp@2x-Decoded.png */ = {isa = PBXFileReference; lastKnownFileType = image.png; name = "ThumbUp@2x-Decoded.png"; path = "Images/ThumbUp@2x-Decoded.png"; sourceTree = "<group>"; };
		14E1D6C1121CF9CC00272508 /* icon-72x72.png */ = {isa = PBXFileReference; lastKnownFileType = image.png; name = "icon-72x72.png"; path = "Images/icon-72x72.png"; sourceTree = "<group>"; };
		14E1D6C2121CF9CC00272508 /* icon-114x114.png */ = {isa = PBXFileReference; lastKnownFileType = image.png; name = "icon-114x114.png"; path = "Images/icon-114x114.png"; sourceTree = "<group>"; };
		14E1D6C3121CF9CC00272508 /* icon.png */ = {isa = PBXFileReference; lastKnownFileType = image.png; name = icon.png; path = Images/icon.png; sourceTree = "<group>"; };
		1D30AB110D05D00D00671497 /* Foundation.framework */ = {isa = PBXFileReference; lastKnownFileType = wrapper.framework; name = Foundation.framework; path = System/Library/Frameworks/Foundation.framework; sourceTree = SDKROOT; };
		1D3623240D0F684500981E51 /* PBRemoteAppDelegate.h */ = {isa = PBXFileReference; fileEncoding = 4; lastKnownFileType = sourcecode.c.h; path = PBRemoteAppDelegate.h; sourceTree = "<group>"; };
		1D3623250D0F684500981E51 /* PBRemoteAppDelegate.m */ = {isa = PBXFileReference; fileEncoding = 4; lastKnownFileType = sourcecode.c.objc; path = PBRemoteAppDelegate.m; sourceTree = "<group>"; };
		1D6058910D05DD3D006BFB54 /* PBRemote.app */ = {isa = PBXFileReference; explicitFileType = wrapper.application; includeInIndex = 0; path = PBRemote.app; sourceTree = BUILT_PRODUCTS_DIR; };
		1DF5F4DF0D08C38300B7A737 /* UIKit.framework */ = {isa = PBXFileReference; lastKnownFileType = wrapper.framework; name = UIKit.framework; path = System/Library/Frameworks/UIKit.framework; sourceTree = SDKROOT; };
		288765A40DF7441C002DB57D /* CoreGraphics.framework */ = {isa = PBXFileReference; lastKnownFileType = wrapper.framework; name = CoreGraphics.framework; path = System/Library/Frameworks/CoreGraphics.framework; sourceTree = SDKROOT; };
		2899E5210DE3E06400AC0155 /* PBRemoteViewController.xib */ = {isa = PBXFileReference; lastKnownFileType = file.xib; path = PBRemoteViewController.xib; sourceTree = "<group>"; };
		28AD733E0D9D9553002E5188 /* MainWindow.xib */ = {isa = PBXFileReference; lastKnownFileType = file.xib; path = MainWindow.xib; sourceTree = "<group>"; };
		28D7ACF60DDB3853001CB0EB /* PBRemoteViewController.h */ = {isa = PBXFileReference; fileEncoding = 4; lastKnownFileType = sourcecode.c.h; path = PBRemoteViewController.h; sourceTree = "<group>"; };
		28D7ACF70DDB3853001CB0EB /* PBRemoteViewController.m */ = {isa = PBXFileReference; fileEncoding = 4; lastKnownFileType = sourcecode.c.objc; path = PBRemoteViewController.m; sourceTree = "<group>"; };
		29B97316FDCFA39411CA2CEA /* main.m */ = {isa = PBXFileReference; fileEncoding = 4; lastKnownFileType = sourcecode.c.objc; path = main.m; sourceTree = "<group>"; };
		32CA4F630368D1EE00C91783 /* PBRemote_Prefix.pch */ = {isa = PBXFileReference; fileEncoding = 4; lastKnownFileType = sourcecode.c.h; path = PBRemote_Prefix.pch; sourceTree = "<group>"; };
		8D1107310486CEB800E47090 /* PBRemote-Info.plist */ = {isa = PBXFileReference; fileEncoding = 4; lastKnownFileType = text.plist.xml; path = "PBRemote-Info.plist"; plistStructureDefinitionIdentifier = "com.apple.xcode.plist.structure-definition.iphone.info-plist"; sourceTree = "<group>"; };
/* End PBXFileReference section */

/* Begin PBXFrameworksBuildPhase section */
		1D60588F0D05DD3D006BFB54 /* Frameworks */ = {
			isa = PBXFrameworksBuildPhase;
			buildActionMask = 2147483647;
			files = (
				1D60589F0D05DD5A006BFB54 /* Foundation.framework in Frameworks */,
				1DF5F4E00D08C38300B7A737 /* UIKit.framework in Frameworks */,
				288765A50DF7441C002DB57D /* CoreGraphics.framework in Frameworks */,
				142C54E9122CBF05001BED3A /* CFNetwork.framework in Frameworks */,
			);
			runOnlyForDeploymentPostprocessing = 0;
		};
/* End PBXFrameworksBuildPhase section */

/* Begin PBXGroup section */
		080E96DDFE201D6D7F000001 /* Classes */ = {
			isa = PBXGroup;
			children = (
				142C54DC122CBEA0001BED3A /* AsyncSocket */,
				14AF66A9121A5FEC00AFA079 /* JSON */,
				14AF667A121A5C3100AFA079 /* PandoraStatus.h */,
				14AF667B121A5C3100AFA079 /* PandoraStatus.m */,
				14A8254D122F75610045F517 /* NSData+Base64.h */,
				14A8254E122F75610045F517 /* NSData+Base64.m */,
				1D3623240D0F684500981E51 /* PBRemoteAppDelegate.h */,
				1D3623250D0F684500981E51 /* PBRemoteAppDelegate.m */,
				28D7ACF60DDB3853001CB0EB /* PBRemoteViewController.h */,
				28D7ACF70DDB3853001CB0EB /* PBRemoteViewController.m */,
				14AF66BA121A61E100AFA079 /* PBClientManager.h */,
				14AF66BB121A61E100AFA079 /* PBClientManager.m */,
				14E1D23A121BA03B00272508 /* Constants.h */,
				14E1D398121C5A3F00272508 /* BonjourBrowserViewController.h */,
				14E1D399121C5A3F00272508 /* BonjourBrowserViewController.m */,
			);
			path = Classes;
			sourceTree = "<group>";
		};
		142C54DC122CBEA0001BED3A /* AsyncSocket */ = {
			isa = PBXGroup;
			children = (
				142C54DD122CBECD001BED3A /* AsyncSocket.h */,
				142C54DE122CBECD001BED3A /* AsyncSocket.m */,
			);
			name = AsyncSocket;
			sourceTree = "<group>";
		};
		14AF66A9121A5FEC00AFA079 /* JSON */ = {
			isa = PBXGroup;
			children = (
				14AF66AA121A5FEC00AFA079 /* JSON.h */,
				14AF66AB121A5FEC00AFA079 /* NSObject+SBJSON.h */,
				14AF66AC121A5FEC00AFA079 /* NSObject+SBJSON.m */,
				14AF66AD121A5FEC00AFA079 /* NSString+SBJSON.h */,
				14AF66AE121A5FEC00AFA079 /* NSString+SBJSON.m */,
				14AF66AF121A5FEC00AFA079 /* SBJsonBase.h */,
				14AF66B0121A5FEC00AFA079 /* SBJsonBase.m */,
				14AF66B1121A5FEC00AFA079 /* SBJsonParser.h */,
				14AF66B2121A5FEC00AFA079 /* SBJsonParser.m */,
				14AF66B3121A5FEC00AFA079 /* SBJsonWriter.h */,
				14AF66B4121A5FEC00AFA079 /* SBJsonWriter.m */,
			);
			name = JSON;
			path = ../JSON;
			sourceTree = SOURCE_ROOT;
		};
		14E1D63D121CF3C700272508 /* Images */ = {
			isa = PBXGroup;
			children = (
				14E1D6C1121CF9CC00272508 /* icon-72x72.png */,
				14E1D6C2121CF9CC00272508 /* icon-114x114.png */,
				14E1D6C3121CF9CC00272508 /* icon.png */,
				14E1D679121CF44900272508 /* Pause-Decoded.png */,
				14E1D67A121CF44900272508 /* Pause@2x-Decoded.png */,
				14E1D67B121CF44900272508 /* Play-Decoded.png */,
				14E1D67C121CF44900272508 /* Play@2x-Decoded.png */,
				14E1D67D121CF44900272508 /* Skip-Decoded.png */,
				14E1D67E121CF44900272508 /* Skip@2x-Decoded.png */,
				14E1D67F121CF44900272508 /* ThumbDown-Decoded.png */,
				14E1D680121CF44900272508 /* ThumbDown@2x-Decoded.png */,
				14E1D681121CF44900272508 /* ThumbUp-Decoded.png */,
				14E1D682121CF44900272508 /* ThumbUp@2x-Decoded.png */,
			);
			name = Images;
			sourceTree = "<group>";
		};
		19C28FACFE9D520D11CA2CBB /* Products */ = {
			isa = PBXGroup;
			children = (
				1D6058910D05DD3D006BFB54 /* PBRemote.app */,
			);
			name = Products;
			sourceTree = "<group>";
		};
		29B97314FDCFA39411CA2CEA /* CustomTemplate */ = {
			isa = PBXGroup;
			children = (
				080E96DDFE201D6D7F000001 /* Classes */,
				29B97315FDCFA39411CA2CEA /* Other Sources */,
				29B97317FDCFA39411CA2CEA /* Resources */,
				14E1D63D121CF3C700272508 /* Images */,
				29B97323FDCFA39411CA2CEA /* Frameworks */,
				19C28FACFE9D520D11CA2CBB /* Products */,
			);
			name = CustomTemplate;
			sourceTree = "<group>";
		};
		29B97315FDCFA39411CA2CEA /* Other Sources */ = {
			isa = PBXGroup;
			children = (
				32CA4F630368D1EE00C91783 /* PBRemote_Prefix.pch */,
				29B97316FDCFA39411CA2CEA /* main.m */,
			);
			name = "Other Sources";
			sourceTree = "<group>";
		};
		29B97317FDCFA39411CA2CEA /* Resources */ = {
			isa = PBXGroup;
			children = (
				2899E5210DE3E06400AC0155 /* PBRemoteViewController.xib */,
				28AD733E0D9D9553002E5188 /* MainWindow.xib */,
				8D1107310486CEB800E47090 /* PBRemote-Info.plist */,
			);
			name = Resources;
			sourceTree = "<group>";
		};
		29B97323FDCFA39411CA2CEA /* Frameworks */ = {
			isa = PBXGroup;
			children = (
				142C54E8122CBF05001BED3A /* CFNetwork.framework */,
				1DF5F4DF0D08C38300B7A737 /* UIKit.framework */,
				1D30AB110D05D00D00671497 /* Foundation.framework */,
				288765A40DF7441C002DB57D /* CoreGraphics.framework */,
			);
			name = Frameworks;
			sourceTree = "<group>";
		};
/* End PBXGroup section */

/* Begin PBXNativeTarget section */
		1D6058900D05DD3D006BFB54 /* PBRemote */ = {
			isa = PBXNativeTarget;
			buildConfigurationList = 1D6058960D05DD3E006BFB54 /* Build configuration list for PBXNativeTarget "PBRemote" */;
			buildPhases = (
				1D60588D0D05DD3D006BFB54 /* Resources */,
				1D60588E0D05DD3D006BFB54 /* Sources */,
				1D60588F0D05DD3D006BFB54 /* Frameworks */,
			);
			buildRules = (
			);
			dependencies = (
			);
			name = PBRemote;
			productName = PBRemote;
			productReference = 1D6058910D05DD3D006BFB54 /* PBRemote.app */;
			productType = "com.apple.product-type.application";
		};
/* End PBXNativeTarget section */

/* Begin PBXProject section */
		29B97313FDCFA39411CA2CEA /* Project object */ = {
			isa = PBXProject;
			buildConfigurationList = C01FCF4E08A954540054247B /* Build configuration list for PBXProject "PBRemote" */;
			compatibilityVersion = "Xcode 3.1";
			developmentRegion = English;
			hasScannedForEncodings = 1;
			knownRegions = (
				English,
				Japanese,
				French,
				German,
			);
			mainGroup = 29B97314FDCFA39411CA2CEA /* CustomTemplate */;
			projectDirPath = "";
			projectRoot = "";
			targets = (
				1D6058900D05DD3D006BFB54 /* PBRemote */,
			);
		};
/* End PBXProject section */

/* Begin PBXResourcesBuildPhase section */
		1D60588D0D05DD3D006BFB54 /* Resources */ = {
			isa = PBXResourcesBuildPhase;
			buildActionMask = 2147483647;
			files = (
				28AD733F0D9D9553002E5188 /* MainWindow.xib in Resources */,
				2899E5220DE3E06400AC0155 /* PBRemoteViewController.xib in Resources */,
				14E1D686121CF44900272508 /* Pause-Decoded.png in Resources */,
				14E1D687121CF44900272508 /* Pause@2x-Decoded.png in Resources */,
				14E1D688121CF44900272508 /* Play-Decoded.png in Resources */,
				14E1D689121CF44900272508 /* Play@2x-Decoded.png in Resources */,
				14E1D68A121CF44900272508 /* Skip-Decoded.png in Resources */,
				14E1D68B121CF44900272508 /* Skip@2x-Decoded.png in Resources */,
				14E1D68C121CF44900272508 /* ThumbDown-Decoded.png in Resources */,
				14E1D68D121CF44900272508 /* ThumbDown@2x-Decoded.png in Resources */,
				14E1D68E121CF44900272508 /* ThumbUp-Decoded.png in Resources */,
				14E1D68F121CF44900272508 /* ThumbUp@2x-Decoded.png in Resources */,
				14E1D6C4121CF9CC00272508 /* icon-72x72.png in Resources */,
				14E1D6C5121CF9CC00272508 /* icon-114x114.png in Resources */,
				14E1D6C6121CF9CC00272508 /* icon.png in Resources */,
			);
			runOnlyForDeploymentPostprocessing = 0;
		};
/* End PBXResourcesBuildPhase section */

/* Begin PBXSourcesBuildPhase section */
		1D60588E0D05DD3D006BFB54 /* Sources */ = {
			isa = PBXSourcesBuildPhase;
			buildActionMask = 2147483647;
			files = (
				1D60589B0D05DD56006BFB54 /* main.m in Sources */,
				1D3623260D0F684500981E51 /* PBRemoteAppDelegate.m in Sources */,
				28D7ACF80DDB3853001CB0EB /* PBRemoteViewController.m in Sources */,
				14AF667C121A5C3100AFA079 /* PandoraStatus.m in Sources */,
				14AF66B5121A5FEC00AFA079 /* NSObject+SBJSON.m in Sources */,
				14AF66B6121A5FEC00AFA079 /* NSString+SBJSON.m in Sources */,
				14AF66B7121A5FEC00AFA079 /* SBJsonBase.m in Sources */,
				14AF66B8121A5FEC00AFA079 /* SBJsonParser.m in Sources */,
				14AF66B9121A5FEC00AFA079 /* SBJsonWriter.m in Sources */,
				14AF66BC121A61E100AFA079 /* PBClientManager.m in Sources */,
				14E1D39A121C5A3F00272508 /* BonjourBrowserViewController.m in Sources */,
				142C54DF122CBECD001BED3A /* AsyncSocket.m in Sources */,
				14A8254F122F75610045F517 /* NSData+Base64.m in Sources */,
			);
			runOnlyForDeploymentPostprocessing = 0;
		};
/* End PBXSourcesBuildPhase section */

/* Begin XCBuildConfiguration section */
		14E1D5E4121CED4700272508 /* Distribution */ = {
			isa = XCBuildConfiguration;
			buildSettings = {
				ARCHS = "$(ARCHS_STANDARD_32_BIT)";
				"CODE_SIGN_IDENTITY[sdk=iphoneos*]" = "iPhone Developer";
				GCC_C_LANGUAGE_STANDARD = c99;
				GCC_WARN_ABOUT_RETURN_TYPE = YES;
				GCC_WARN_UNUSED_VARIABLE = YES;
				OTHER_CFLAGS = "-DNS_BLOCK_ASSERTIONS=1";
				PREBINDING = NO;
				SDKROOT = iphoneos4.0;
			};
			name = Distribution;
		};
		14E1D5E5121CED4700272508 /* Distribution */ = {
			isa = XCBuildConfiguration;
			buildSettings = {
				ALWAYS_SEARCH_USER_PATHS = NO;
				"CODE_SIGN_IDENTITY[sdk=iphoneos*]" = "iPhone Distribution: Fluidvision Design, LLC";
				COPY_PHASE_STRIP = YES;
				GCC_PRECOMPILE_PREFIX_HEADER = YES;
				GCC_PREFIX_HEADER = PBRemote_Prefix.pch;
				INFOPLIST_FILE = "PBRemote-Info.plist";
				PRODUCT_NAME = PBRemote;
				"PROVISIONING_PROFILE[sdk=iphoneos*]" = "D1CDE938-0524-4B32-A76A-07D49A98BE11";
				VALIDATE_PRODUCT = YES;
			};
			name = Distribution;
		};
		1D6058940D05DD3E006BFB54 /* Debug */ = {
			isa = XCBuildConfiguration;
			buildSettings = {
				ALWAYS_SEARCH_USER_PATHS = NO;
				"CODE_SIGN_IDENTITY[sdk=iphoneos*]" = "iPhone Developer: Bryce Hammond (ZALV5EHEWM)";
				COPY_PHASE_STRIP = NO;
				GCC_DYNAMIC_NO_PIC = NO;
				GCC_OPTIMIZATION_LEVEL = 0;
				GCC_PRECOMPILE_PREFIX_HEADER = YES;
				GCC_PREFIX_HEADER = PBRemote_Prefix.pch;
				INFOPLIST_FILE = "PBRemote-Info.plist";
				PRODUCT_NAME = PBRemote;
				"PROVISIONING_PROFILE[sdk=iphoneos*]" = "322E1729-3B24-4BAF-A13F-1E273DB1CC77";
			};
			name = Debug;
		};
		1D6058950D05DD3E006BFB54 /* Release */ = {
			isa = XCBuildConfiguration;
			buildSettings = {
				ALWAYS_SEARCH_USER_PATHS = NO;
				CODE_SIGN_IDENTITY = "iPhone Developer: Bryce Hammond (ZALV5EHEWM)";
				"CODE_SIGN_IDENTITY[sdk=iphoneos*]" = "iPhone Distribution: Wall Street On Demand";
				COPY_PHASE_STRIP = YES;
				GCC_PRECOMPILE_PREFIX_HEADER = YES;
				GCC_PREFIX_HEADER = PBRemote_Prefix.pch;
				INFOPLIST_FILE = "PBRemote-Info.plist";
				PRODUCT_NAME = PBRemote;
				PROVISIONING_PROFILE = "322E1729-3B24-4BAF-A13F-1E273DB1CC77";
				"PROVISIONING_PROFILE[sdk=iphoneos*]" = "FAFE7633-C224-4463-8DE4-7EBDC66ED7F2";
				VALIDATE_PRODUCT = YES;
			};
			name = Release;
		};
		C01FCF4F08A954540054247B /* Debug */ = {
			isa = XCBuildConfiguration;
			buildSettings = {
				ARCHS = "$(ARCHS_STANDARD_32_BIT)";
				"CODE_SIGN_IDENTITY[sdk=iphoneos*]" = "iPhone Developer";
				GCC_C_LANGUAGE_STANDARD = c99;
				GCC_WARN_ABOUT_RETURN_TYPE = YES;
				GCC_WARN_UNUSED_VARIABLE = YES;
				PREBINDING = NO;
				SDKROOT = iphoneos4.0;
			};
			name = Debug;
		};
		C01FCF5008A954540054247B /* Release */ = {
			isa = XCBuildConfiguration;
			buildSettings = {
				ARCHS = "$(ARCHS_STANDARD_32_BIT)";
				"CODE_SIGN_IDENTITY[sdk=iphoneos*]" = "iPhone Developer";
				GCC_C_LANGUAGE_STANDARD = c99;
				GCC_WARN_ABOUT_RETURN_TYPE = YES;
				GCC_WARN_UNUSED_VARIABLE = YES;
				OTHER_CFLAGS = "-DNS_BLOCK_ASSERTIONS=1";
				PREBINDING = NO;
				SDKROOT = iphoneos4.0;
			};
			name = Release;
		};
/* End XCBuildConfiguration section */

/* Begin XCConfigurationList section */
		1D6058960D05DD3E006BFB54 /* Build configuration list for PBXNativeTarget "PBRemote" */ = {
			isa = XCConfigurationList;
			buildConfigurations = (
				1D6058940D05DD3E006BFB54 /* Debug */,
				1D6058950D05DD3E006BFB54 /* Release */,
				14E1D5E5121CED4700272508 /* Distribution */,
			);
			defaultConfigurationIsVisible = 0;
			defaultConfigurationName = Release;
		};
		C01FCF4E08A954540054247B /* Build configuration list for PBXProject "PBRemote" */ = {
			isa = XCConfigurationList;
			buildConfigurations = (
				C01FCF4F08A954540054247B /* Debug */,
				C01FCF5008A954540054247B /* Release */,
				14E1D5E4121CED4700272508 /* Distribution */,
			);
			defaultConfigurationIsVisible = 0;
			defaultConfigurationName = Release;
		};
/* End XCConfigurationList section */
	};
	rootObject = 29B97313FDCFA39411CA2CEA /* Project object */;
}
